
Microsoft Visual Studio Solution File, Format Version 12.00
# Visual Studio Version 17
VisualStudioVersion = 17.2.32505.173
MinimumVisualStudioVersion = 10.0.40219.1
Project("{FAE04EC0-301F-11D3-BF4B-00C04F79EFBC}") = "PEtrial_1", "PEtrial_1.csproj", "{DA1B8E41-4607-4EA7-9125-38C7CEC104F6}"
EndProject
Global
	GlobalSection(SolutionConfigurationPlatforms) = preSolution
		Debug|Any CPU = Debug|Any CPU
		Release|Any CPU = Release|Any CPU
	EndGlobalSection
	GlobalSection(ProjectConfigurationPlatforms) = postSolution
		{DA1B8E41-4607-4EA7-9125-38C7CEC104F6}.Debug|Any CPU.ActiveCfg = Debug|Any CPU
		{DA1B8E41-4607-4EA7-9125-38C7CEC104F6}.Debug|Any CPU.Build.0 = Debug|Any CPU
		{DA1B8E41-4607-4EA7-9125-38C7CEC104F6}.Release|Any CPU.ActiveCfg = Release|Any CPU
		{DA1B8E41-4607-4EA7-9125-38C7CEC104F6}.Release|Any CPU.Build.0 = Release|Any CPU
	EndGlobalSection
	GlobalSection(SolutionProperties) = preSolution
		HideSolutionNode = FALSE
	EndGlobalSection
	GlobalSection(ExtensibilityGlobals) = postSolution
		SolutionGuid = {837F391A-E61F-4D37-867D-2DE7949074C3}
	EndGlobalSection
EndGlobal
