
Microsoft Visual Studio Solution File, Format Version 12.00
# Visual Studio Version 17
VisualStudioVersion = 17.2.32505.173
MinimumVisualStudioVersion = 10.0.40219.1
Project("{FAE04EC0-301F-11D3-BF4B-00C04F79EFBC}") = "PE_trial2", "PE_trial2.csproj", "{DA105E57-480B-4C8D-9EDC-E0504A25E30D}"
EndProject
Global
	GlobalSection(SolutionConfigurationPlatforms) = preSolution
		Debug|Any CPU = Debug|Any CPU
		Release|Any CPU = Release|Any CPU
	EndGlobalSection
	GlobalSection(ProjectConfigurationPlatforms) = postSolution
		{DA105E57-480B-4C8D-9EDC-E0504A25E30D}.Debug|Any CPU.ActiveCfg = Debug|Any CPU
		{DA105E57-480B-4C8D-9EDC-E0504A25E30D}.Debug|Any CPU.Build.0 = Debug|Any CPU
		{DA105E57-480B-4C8D-9EDC-E0504A25E30D}.Release|Any CPU.ActiveCfg = Release|Any CPU
		{DA105E57-480B-4C8D-9EDC-E0504A25E30D}.Release|Any CPU.Build.0 = Release|Any CPU
	EndGlobalSection
	GlobalSection(SolutionProperties) = preSolution
		HideSolutionNode = FALSE
	EndGlobalSection
	GlobalSection(ExtensibilityGlobals) = postSolution
		SolutionGuid = {78DAC3A5-07A6-4DBD-B0D8-120469348490}
	EndGlobalSection
EndGlobal
